// !$*UTF8*$!
{
	archiveVersion = 1;
	classes = {
	};
	objectVersion = 56;
	objects = {

/* Begin PBXBuildFile section */
		F1070C5D2C0CDC5900564980 /* EventTap.swift in Sources */ = {isa = PBXBuildFile; fileRef = F1070C5C2C0CDC5900564980 /* EventTap.swift */; };
		F1070C5F2C0CE15E00564980 /* Utils.swift in Sources */ = {isa = PBXBuildFile; fileRef = F1070C5E2C0CE15E00564980 /* Utils.swift */; };
		F1070C612C0CE18300564980 /* AccessibilityPermissions.swift in Sources */ = {isa = PBXBuildFile; fileRef = F1070C602C0CE18300564980 /* AccessibilityPermissions.swift */; };
		F16ECC2D2C08A377004C41B2 /* FArrowApp.swift in Sources */ = {isa = PBXBuildFile; fileRef = F16ECC2C2C08A377004C41B2 /* FArrowApp.swift */; };
		F16ECC312C08A378004C41B2 /* Assets.xcassets in Resources */ = {isa = PBXBuildFile; fileRef = F16ECC302C08A378004C41B2 /* Assets.xcassets */; };
		F16ECC342C08A378004C41B2 /* Preview Assets.xcassets in Resources */ = {isa = PBXBuildFile; fileRef = F16ECC332C08A378004C41B2 /* Preview Assets.xcassets */; };
/* End PBXBuildFile section */

/* Begin PBXFileReference section */
		F1070C5C2C0CDC5900564980 /* EventTap.swift */ = {isa = PBXFileReference; lastKnownFileType = sourcecode.swift; path = EventTap.swift; sourceTree = "<group>"; };
		F1070C5E2C0CE15E00564980 /* Utils.swift */ = {isa = PBXFileReference; lastKnownFileType = sourcecode.swift; path = Utils.swift; sourceTree = "<group>"; };
		F1070C602C0CE18300564980 /* AccessibilityPermissions.swift */ = {isa = PBXFileReference; lastKnownFileType = sourcecode.swift; path = AccessibilityPermissions.swift; sourceTree = "<group>"; };
		F16ECC292C08A377004C41B2 /* FArrow.app */ = {isa = PBXFileReference; explicitFileType = wrapper.application; includeInIndex = 0; path = FArrow.app; sourceTree = BUILT_PRODUCTS_DIR; };
		F16ECC2C2C08A377004C41B2 /* FArrowApp.swift */ = {isa = PBXFileReference; lastKnownFileType = sourcecode.swift; path = FArrowApp.swift; sourceTree = "<group>"; };
		F16ECC302C08A378004C41B2 /* Assets.xcassets */ = {isa = PBXFileReference; lastKnownFileType = folder.assetcatalog; path = Assets.xcassets; sourceTree = "<group>"; };
		F16ECC332C08A378004C41B2 /* Preview Assets.xcassets */ = {isa = PBXFileReference; lastKnownFileType = folder.assetcatalog; path = "Preview Assets.xcassets"; sourceTree = "<group>"; };
		F16ECC352C08A378004C41B2 /* FArrow.entitlements */ = {isa = PBXFileReference; lastKnownFileType = text.plist.entitlements; path = FArrow.entitlements; sourceTree = "<group>"; };
		F16ECC3B2C08C85C004C41B2 /* Info.plist */ = {isa = PBXFileReference; lastKnownFileType = text.plist; path = Info.plist; sourceTree = "<group>"; };
/* End PBXFileReference section */

/* Begin PBXFrameworksBuildPhase section */
		F16ECC262C08A377004C41B2 /* Frameworks */ = {
			isa = PBXFrameworksBuildPhase;
			buildActionMask = 2147483647;
			files = (
			);
			runOnlyForDeploymentPostprocessing = 0;
		};
/* End PBXFrameworksBuildPhase section */

/* Begin PBXGroup section */
		F16ECC202C08A377004C41B2 = {
			isa = PBXGroup;
			children = (
				F16ECC2B2C08A377004C41B2 /* FArrow */,
				F16ECC2A2C08A377004C41B2 /* Products */,
			);
			sourceTree = "<group>";
		};
		F16ECC2A2C08A377004C41B2 /* Products */ = {
			isa = PBXGroup;
			children = (
				F16ECC292C08A377004C41B2 /* FArrow.app */,
			);
			name = Products;
			sourceTree = "<group>";
		};
		F16ECC2B2C08A377004C41B2 /* FArrow */ = {
			isa = PBXGroup;
			children = (
				F16ECC3B2C08C85C004C41B2 /* Info.plist */,
				F16ECC2C2C08A377004C41B2 /* FArrowApp.swift */,
				F1070C5C2C0CDC5900564980 /* EventTap.swift */,
				F1070C602C0CE18300564980 /* AccessibilityPermissions.swift */,
				F1070C5E2C0CE15E00564980 /* Utils.swift */,
				F16ECC302C08A378004C41B2 /* Assets.xcassets */,
				F16ECC352C08A378004C41B2 /* FArrow.entitlements */,
				F16ECC322C08A378004C41B2 /* Preview Content */,
			);
			path = FArrow;
			sourceTree = "<group>";
		};
		F16ECC322C08A378004C41B2 /* Preview Content */ = {
			isa = PBXGroup;
			children = (
				F16ECC332C08A378004C41B2 /* Preview Assets.xcassets */,
			);
			path = "Preview Content";
			sourceTree = "<group>";
		};
/* End PBXGroup section */

/* Begin PBXNativeTarget section */
		F16ECC282C08A377004C41B2 /* FArrow */ = {
			isa = PBXNativeTarget;
			buildConfigurationList = F16ECC382C08A378004C41B2 /* Build configuration list for PBXNativeTarget "FArrow" */;
			buildPhases = (
				F16ECC252C08A377004C41B2 /* Sources */,
				F16ECC262C08A377004C41B2 /* Frameworks */,
				F16ECC272C08A377004C41B2 /* Resources */,
			);
			buildRules = (
			);
			dependencies = (
			);
			name = FArrow;
			productName = FArrow;
			productReference = F16ECC292C08A377004C41B2 /* FArrow.app */;
			productType = "com.apple.product-type.application";
		};
/* End PBXNativeTarget section */

/* Begin PBXProject section */
		F16ECC212C08A377004C41B2 /* Project object */ = {
			isa = PBXProject;
			attributes = {
				BuildIndependentTargetsInParallel = 1;
				LastSwiftUpdateCheck = 1540;
				LastUpgradeCheck = 1540;
				TargetAttributes = {
					F16ECC282C08A377004C41B2 = {
						CreatedOnToolsVersion = 15.4;
					};
				};
			};
			buildConfigurationList = F16ECC242C08A377004C41B2 /* Build configuration list for PBXProject "FArrow" */;
			compatibilityVersion = "Xcode 14.0";
			developmentRegion = en;
			hasScannedForEncodings = 0;
			knownRegions = (
				en,
				Base,
			);
			mainGroup = F16ECC202C08A377004C41B2;
			productRefGroup = F16ECC2A2C08A377004C41B2 /* Products */;
			projectDirPath = "";
			projectRoot = "";
			targets = (
				F16ECC282C08A377004C41B2 /* FArrow */,
			);
		};
/* End PBXProject section */

/* Begin PBXResourcesBuildPhase section */
		F16ECC272C08A377004C41B2 /* Resources */ = {
			isa = PBXResourcesBuildPhase;
			buildActionMask = 2147483647;
			files = (
				F16ECC342C08A378004C41B2 /* Preview Assets.xcassets in Resources */,
				F16ECC312C08A378004C41B2 /* Assets.xcassets in Resources */,
			);
			runOnlyForDeploymentPostprocessing = 0;
		};
/* End PBXResourcesBuildPhase section */

/* Begin PBXSourcesBuildPhase section */
		F16ECC252C08A377004C41B2 /* Sources */ = {
			isa = PBXSourcesBuildPhase;
			buildActionMask = 2147483647;
			files = (
				F1070C5D2C0CDC5900564980 /* EventTap.swift in Sources */,
				F1070C612C0CE18300564980 /* AccessibilityPermissions.swift in Sources */,
				F16ECC2D2C08A377004C41B2 /* FArrowApp.swift in Sources */,
				F1070C5F2C0CE15E00564980 /* Utils.swift in Sources */,
			);
			runOnlyForDeploymentPostprocessing = 0;
		};
/* End PBXSourcesBuildPhase section */

/* Begin XCBuildConfiguration section */
		F16ECC362C08A378004C41B2 /* Debug */ = {
			isa = XCBuildConfiguration;
			buildSettings = {
				ALWAYS_SEARCH_USER_PATHS = NO;
				ASSETCATALOG_COMPILER_GENERATE_SWIFT_ASSET_SYMBOL_EXTENSIONS = YES;
				CLANG_ANALYZER_NONNULL = YES;
				CLANG_ANALYZER_NUMBER_OBJECT_CONVERSION = YES_AGGRESSIVE;
				CLANG_CXX_LANGUAGE_STANDARD = "gnu++20";
				CLANG_ENABLE_MODULES = YES;
				CLANG_ENABLE_OBJC_ARC = YES;
				CLANG_ENABLE_OBJC_WEAK = YES;
				CLANG_WARN_BLOCK_CAPTURE_AUTORELEASING = YES;
				CLANG_WARN_BOOL_CONVERSION = YES;
				CLANG_WARN_COMMA = YES;
				CLANG_WARN_CONSTANT_CONVERSION = YES;
				CLANG_WARN_DEPRECATED_OBJC_IMPLEMENTATIONS = YES;
				CLANG_WARN_DIRECT_OBJC_ISA_USAGE = YES_ERROR;
				CLANG_WARN_DOCUMENTATION_COMMENTS = YES;
				CLANG_WARN_EMPTY_BODY = YES;
				CLANG_WARN_ENUM_CONVERSION = YES;
				CLANG_WARN_INFINITE_RECURSION = YES;
				CLANG_WARN_INT_CONVERSION = YES;
				CLANG_WARN_NON_LITERAL_NULL_CONVERSION = YES;
				CLANG_WARN_OBJC_IMPLICIT_RETAIN_SELF = YES;
				CLANG_WARN_OBJC_LITERAL_CONVERSION = YES;
				CLANG_WARN_OBJC_ROOT_CLASS = YES_ERROR;
				CLANG_WARN_QUOTED_INCLUDE_IN_FRAMEWORK_HEADER = YES;
				CLANG_WARN_RANGE_LOOP_ANALYSIS = YES;
				CLANG_WARN_STRICT_PROTOTYPES = YES;
				CLANG_WARN_SUSPICIOUS_MOVE = YES;
				CLANG_WARN_UNGUARDED_AVAILABILITY = YES_AGGRESSIVE;
				CLANG_WARN_UNREACHABLE_CODE = YES;
				CLANG_WARN__DUPLICATE_METHOD_MATCH = YES;
				COPY_PHASE_STRIP = NO;
				DEBUG_INFORMATION_FORMAT = dwarf;
				ENABLE_STRICT_OBJC_MSGSEND = YES;
				ENABLE_TESTABILITY = YES;
				ENABLE_USER_SCRIPT_SANDBOXING = YES;
				GCC_C_LANGUAGE_STANDARD = gnu17;
				GCC_DYNAMIC_NO_PIC = NO;
				GCC_NO_COMMON_BLOCKS = YES;
				GCC_OPTIMIZATION_LEVEL = 0;
				GCC_PREPROCESSOR_DEFINITIONS = (
					"DEBUG=1",
					"$(inherited)",
				);
				GCC_WARN_64_TO_32_BIT_CONVERSION = YES;
				GCC_WARN_ABOUT_RETURN_TYPE = YES_ERROR;
				GCC_WARN_UNDECLARED_SELECTOR = YES;
				GCC_WARN_UNINITIALIZED_AUTOS = YES_AGGRESSIVE;
				GCC_WARN_UNUSED_FUNCTION = YES;
				GCC_WARN_UNUSED_VARIABLE = YES;
				LOCALIZATION_PREFERS_STRING_CATALOGS = YES;
				MACOSX_DEPLOYMENT_TARGET = 13.0;
				MTL_ENABLE_DEBUG_INFO = INCLUDE_SOURCE;
				MTL_FAST_MATH = YES;
				ONLY_ACTIVE_ARCH = YES;
				SDKROOT = macosx;
				SWIFT_ACTIVE_COMPILATION_CONDITIONS = "DEBUG $(inherited)";
				SWIFT_OPTIMIZATION_LEVEL = "-Onone";
			};
			name = Debug;
		};
		F16ECC372C08A378004C41B2 /* Release */ = {
			isa = XCBuildConfiguration;
			buildSettings = {
				ALWAYS_SEARCH_USER_PATHS = NO;
				ASSETCATALOG_COMPILER_GENERATE_SWIFT_ASSET_SYMBOL_EXTENSIONS = YES;
				CLANG_ANALYZER_NONNULL = YES;
				CLANG_ANALYZER_NUMBER_OBJECT_CONVERSION = YES_AGGRESSIVE;
				CLANG_CXX_LANGUAGE_STANDARD = "gnu++20";
				CLANG_ENABLE_MODULES = YES;
				CLANG_ENABLE_OBJC_ARC = YES;
				CLANG_ENABLE_OBJC_WEAK = YES;
				CLANG_WARN_BLOCK_CAPTURE_AUTORELEASING = YES;
				CLANG_WARN_BOOL_CONVERSION = YES;
				CLANG_WARN_COMMA = YES;
				CLANG_WARN_CONSTANT_CONVERSION = YES;
				CLANG_WARN_DEPRECATED_OBJC_IMPLEMENTATIONS = YES;
				CLANG_WARN_DIRECT_OBJC_ISA_USAGE = YES_ERROR;
				CLANG_WARN_DOCUMENTATION_COMMENTS = YES;
				CLANG_WARN_EMPTY_BODY = YES;
				CLANG_WARN_ENUM_CONVERSION = YES;
				CLANG_WARN_INFINITE_RECURSION = YES;
				CLANG_WARN_INT_CONVERSION = YES;
				CLANG_WARN_NON_LITERAL_NULL_CONVERSION = YES;
				CLANG_WARN_OBJC_IMPLICIT_RETAIN_SELF = YES;
				CLANG_WARN_OBJC_LITERAL_CONVERSION = YES;
				CLANG_WARN_OBJC_ROOT_CLASS = YES_ERROR;
				CLANG_WARN_QUOTED_INCLUDE_IN_FRAMEWORK_HEADER = YES;
				CLANG_WARN_RANGE_LOOP_ANALYSIS = YES;
				CLANG_WARN_STRICT_PROTOTYPES = YES;
				CLANG_WARN_SUSPICIOUS_MOVE = YES;
				CLANG_WARN_UNGUARDED_AVAILABILITY = YES_AGGRESSIVE;
				CLANG_WARN_UNREACHABLE_CODE = YES;
				CLANG_WARN__DUPLICATE_METHOD_MATCH = YES;
				COPY_PHASE_STRIP = NO;
				DEBUG_INFORMATION_FORMAT = "dwarf-with-dsym";
				ENABLE_NS_ASSERTIONS = NO;
				ENABLE_STRICT_OBJC_MSGSEND = YES;
				ENABLE_USER_SCRIPT_SANDBOXING = YES;
				GCC_C_LANGUAGE_STANDARD = gnu17;
				GCC_NO_COMMON_BLOCKS = YES;
				GCC_WARN_64_TO_32_BIT_CONVERSION = YES;
				GCC_WARN_ABOUT_RETURN_TYPE = YES_ERROR;
				GCC_WARN_UNDECLARED_SELECTOR = YES;
				GCC_WARN_UNINITIALIZED_AUTOS = YES_AGGRESSIVE;
				GCC_WARN_UNUSED_FUNCTION = YES;
				GCC_WARN_UNUSED_VARIABLE = YES;
				LOCALIZATION_PREFERS_STRING_CATALOGS = YES;
				MACOSX_DEPLOYMENT_TARGET = 13.0;
				MTL_ENABLE_DEBUG_INFO = NO;
				MTL_FAST_MATH = YES;
				SDKROOT = macosx;
				SWIFT_COMPILATION_MODE = wholemodule;
			};
			name = Release;
		};
		F16ECC392C08A378004C41B2 /* Debug */ = {
			isa = XCBuildConfiguration;
			buildSettings = {
				ASSETCATALOG_COMPILER_APPICON_NAME = AppIcon;
				ASSETCATALOG_COMPILER_GLOBAL_ACCENT_COLOR_NAME = AccentColor;
				CODE_SIGN_ENTITLEMENTS = FArrow/FArrow.entitlements;
				CODE_SIGN_STYLE = Automatic;
				COMBINE_HIDPI_IMAGES = YES;
				CURRENT_PROJECT_VERSION = 1;
				DEVELOPMENT_ASSET_PATHS = "\"FArrow/Preview Content\"";
				DEVELOPMENT_TEAM = 53243J6BRY;
				ENABLE_HARDENED_RUNTIME = YES;
				ENABLE_PREVIEWS = YES;
				GENERATE_INFOPLIST_FILE = YES;
				INFOPLIST_FILE = FArrow/Info.plist;
				INFOPLIST_KEY_LSApplicationCategoryType = "public.app-category.utilities";
				INFOPLIST_KEY_LSUIElement = YES;
				INFOPLIST_KEY_NSHumanReadableCopyright = "";
				LD_RUNPATH_SEARCH_PATHS = (
					"$(inherited)",
					"@executable_path/../Frameworks",
				);
				MARKETING_VERSION = 1.1;
				PRODUCT_BUNDLE_IDENTIFIER = de.danielrudrich.FArrow;
				PRODUCT_NAME = "$(TARGET_NAME)";
				SWIFT_EMIT_LOC_STRINGS = YES;
				SWIFT_VERSION = 5.0;
			};
			name = Debug;
		};
		F16ECC3A2C08A378004C41B2 /* Release */ = {
			isa = XCBuildConfiguration;
			buildSettings = {
				ASSETCATALOG_COMPILER_APPICON_NAME = AppIcon;
				ASSETCATALOG_COMPILER_GLOBAL_ACCENT_COLOR_NAME = AccentColor;
				CODE_SIGN_ENTITLEMENTS = FArrow/FArrow.entitlements;
				CODE_SIGN_STYLE = Automatic;
				COMBINE_HIDPI_IMAGES = YES;
				CURRENT_PROJECT_VERSION = 1;
				DEVELOPMENT_ASSET_PATHS = "\"FArrow/Preview Content\"";
				DEVELOPMENT_TEAM = 53243J6BRY;
				ENABLE_HARDENED_RUNTIME = YES;
				ENABLE_PREVIEWS = YES;
				GENERATE_INFOPLIST_FILE = YES;
				INFOPLIST_FILE = FArrow/Info.plist;
				INFOPLIST_KEY_LSApplicationCategoryType = "public.app-category.utilities";
				INFOPLIST_KEY_LSUIElement = YES;
				INFOPLIST_KEY_NSHumanReadableCopyright = "";
				LD_RUNPATH_SEARCH_PATHS = (
					"$(inherited)",
					"@executable_path/../Frameworks",
				);
				MARKETING_VERSION = 1.1;
				PRODUCT_BUNDLE_IDENTIFIER = de.danielrudrich.FArrow;
				PRODUCT_NAME = "$(TARGET_NAME)";
				SWIFT_EMIT_LOC_STRINGS = YES;
				SWIFT_VERSION = 5.0;
			};
			name = Release;
		};
/* End XCBuildConfiguration section */

/* Begin XCConfigurationList section */
		F16ECC242C08A377004C41B2 /* Build configuration list for PBXProject "FArrow" */ = {
			isa = XCConfigurationList;
			buildConfigurations = (
				F16ECC362C08A378004C41B2 /* Debug */,
				F16ECC372C08A378004C41B2 /* Release */,
			);
			defaultConfigurationIsVisible = 0;
			defaultConfigurationName = Release;
		};
		F16ECC382C08A378004C41B2 /* Build configuration list for PBXNativeTarget "FArrow" */ = {
			isa = XCConfigurationList;
			buildConfigurations = (
				F16ECC392C08A378004C41B2 /* Debug */,
				F16ECC3A2C08A378004C41B2 /* Release */,
			);
			defaultConfigurationIsVisible = 0;
			defaultConfigurationName = Release;
		};
/* End XCConfigurationList section */
	};
	rootObject = F16ECC212C08A377004C41B2 /* Project object */;
}
